// !$*UTF8*$!
{
	archiveVersion = 1;
	classes = {
	};
	objectVersion = 56;
	objects = {

/* Begin PBXBuildFile section */
		3869A2392A9E974A0057A4CE /* MapaView.swift in Sources */ = {isa = PBXBuildFile; fileRef = 3869A2382A9E974A0057A4CE /* MapaView.swift */; };
		3869A23B2A9E977A0057A4CE /* LugaresView.swift in Sources */ = {isa = PBXBuildFile; fileRef = 3869A23A2A9E977A0057A4CE /* LugaresView.swift */; };
		3869A23D2A9E978F0057A4CE /* PerfilView.swift in Sources */ = {isa = PBXBuildFile; fileRef = 3869A23C2A9E978F0057A4CE /* PerfilView.swift */; };
		3869A23F2A9E97A50057A4CE /* ConfiguracionView.swift in Sources */ = {isa = PBXBuildFile; fileRef = 3869A23E2A9E97A50057A4CE /* ConfiguracionView.swift */; };
		38D9C7CC2A9E894700F5657A /* MapatlanAccesoApp.swift in Sources */ = {isa = PBXBuildFile; fileRef = 38D9C7CB2A9E894700F5657A /* MapatlanAccesoApp.swift */; };
		38D9C7CE2A9E894700F5657A /* ContentView.swift in Sources */ = {isa = PBXBuildFile; fileRef = 38D9C7CD2A9E894700F5657A /* ContentView.swift */; };
		38D9C7D02A9E894900F5657A /* Assets.xcassets in Resources */ = {isa = PBXBuildFile; fileRef = 38D9C7CF2A9E894900F5657A /* Assets.xcassets */; };
		38D9C7D32A9E894900F5657A /* Preview Assets.xcassets in Resources */ = {isa = PBXBuildFile; fileRef = 38D9C7D22A9E894900F5657A /* Preview Assets.xcassets */; };
		38D9C7DD2A9E894900F5657A /* MapatlanAccesoTests.swift in Sources */ = {isa = PBXBuildFile; fileRef = 38D9C7DC2A9E894900F5657A /* MapatlanAccesoTests.swift */; };
		38D9C7E72A9E894900F5657A /* MapatlanAccesoUITests.swift in Sources */ = {isa = PBXBuildFile; fileRef = 38D9C7E62A9E894900F5657A /* MapatlanAccesoUITests.swift */; };
		38D9C7E92A9E894900F5657A /* MapatlanAccesoUITestsLaunchTests.swift in Sources */ = {isa = PBXBuildFile; fileRef = 38D9C7E82A9E894900F5657A /* MapatlanAccesoUITestsLaunchTests.swift */; };
		38D9C7F62A9E899D00F5657A /* AlumnosView.swift in Sources */ = {isa = PBXBuildFile; fileRef = 38D9C7F52A9E899D00F5657A /* AlumnosView.swift */; };
		38D9C7F82A9E89B700F5657A /* VisitantesView.swift in Sources */ = {isa = PBXBuildFile; fileRef = 38D9C7F72A9E89B700F5657A /* VisitantesView.swift */; };
		38D9C7FA2A9E91A600F5657A /* MainMenuView.swift in Sources */ = {isa = PBXBuildFile; fileRef = 38D9C7F92A9E91A600F5657A /* MainMenuView.swift */; };
/* End PBXBuildFile section */

/* Begin PBXContainerItemProxy section */
		38D9C7D92A9E894900F5657A /* PBXContainerItemProxy */ = {
			isa = PBXContainerItemProxy;
			containerPortal = 38D9C7C02A9E894700F5657A /* Project object */;
			proxyType = 1;
			remoteGlobalIDString = 38D9C7C72A9E894700F5657A;
			remoteInfo = MapatlanAcceso;
		};
		38D9C7E32A9E894900F5657A /* PBXContainerItemProxy */ = {
			isa = PBXContainerItemProxy;
			containerPortal = 38D9C7C02A9E894700F5657A /* Project object */;
			proxyType = 1;
			remoteGlobalIDString = 38D9C7C72A9E894700F5657A;
			remoteInfo = MapatlanAcceso;
		};
/* End PBXContainerItemProxy section */

/* Begin PBXFileReference section */
		3869A2382A9E974A0057A4CE /* MapaView.swift */ = {isa = PBXFileReference; lastKnownFileType = sourcecode.swift; path = MapaView.swift; sourceTree = "<group>"; };
		3869A23A2A9E977A0057A4CE /* LugaresView.swift */ = {isa = PBXFileReference; lastKnownFileType = sourcecode.swift; path = LugaresView.swift; sourceTree = "<group>"; };
		3869A23C2A9E978F0057A4CE /* PerfilView.swift */ = {isa = PBXFileReference; lastKnownFileType = sourcecode.swift; path = PerfilView.swift; sourceTree = "<group>"; };
		3869A23E2A9E97A50057A4CE /* ConfiguracionView.swift */ = {isa = PBXFileReference; lastKnownFileType = sourcecode.swift; path = ConfiguracionView.swift; sourceTree = "<group>"; };
		38D9C7C82A9E894700F5657A /* MapatlanAcceso.app */ = {isa = PBXFileReference; explicitFileType = wrapper.application; includeInIndex = 0; path = MapatlanAcceso.app; sourceTree = BUILT_PRODUCTS_DIR; };
		38D9C7CB2A9E894700F5657A /* MapatlanAccesoApp.swift */ = {isa = PBXFileReference; lastKnownFileType = sourcecode.swift; path = MapatlanAccesoApp.swift; sourceTree = "<group>"; };
		38D9C7CD2A9E894700F5657A /* ContentView.swift */ = {isa = PBXFileReference; lastKnownFileType = sourcecode.swift; path = ContentView.swift; sourceTree = "<group>"; };
		38D9C7CF2A9E894900F5657A /* Assets.xcassets */ = {isa = PBXFileReference; lastKnownFileType = folder.assetcatalog; path = Assets.xcassets; sourceTree = "<group>"; };
		38D9C7D22A9E894900F5657A /* Preview Assets.xcassets */ = {isa = PBXFileReference; lastKnownFileType = folder.assetcatalog; path = "Preview Assets.xcassets"; sourceTree = "<group>"; };
		38D9C7D82A9E894900F5657A /* MapatlanAccesoTests.xctest */ = {isa = PBXFileReference; explicitFileType = wrapper.cfbundle; includeInIndex = 0; path = MapatlanAccesoTests.xctest; sourceTree = BUILT_PRODUCTS_DIR; };
		38D9C7DC2A9E894900F5657A /* MapatlanAccesoTests.swift */ = {isa = PBXFileReference; lastKnownFileType = sourcecode.swift; path = MapatlanAccesoTests.swift; sourceTree = "<group>"; };
		38D9C7E22A9E894900F5657A /* MapatlanAccesoUITests.xctest */ = {isa = PBXFileReference; explicitFileType = wrapper.cfbundle; includeInIndex = 0; path = MapatlanAccesoUITests.xctest; sourceTree = BUILT_PRODUCTS_DIR; };
		38D9C7E62A9E894900F5657A /* MapatlanAccesoUITests.swift */ = {isa = PBXFileReference; lastKnownFileType = sourcecode.swift; path = MapatlanAccesoUITests.swift; sourceTree = "<group>"; };
		38D9C7E82A9E894900F5657A /* MapatlanAccesoUITestsLaunchTests.swift */ = {isa = PBXFileReference; lastKnownFileType = sourcecode.swift; path = MapatlanAccesoUITestsLaunchTests.swift; sourceTree = "<group>"; };
		38D9C7F52A9E899D00F5657A /* AlumnosView.swift */ = {isa = PBXFileReference; lastKnownFileType = sourcecode.swift; path = AlumnosView.swift; sourceTree = "<group>"; };
		38D9C7F72A9E89B700F5657A /* VisitantesView.swift */ = {isa = PBXFileReference; lastKnownFileType = sourcecode.swift; path = VisitantesView.swift; sourceTree = "<group>"; };
		38D9C7F92A9E91A600F5657A /* MainMenuView.swift */ = {isa = PBXFileReference; lastKnownFileType = sourcecode.swift; path = MainMenuView.swift; sourceTree = "<group>"; };
/* End PBXFileReference section */

/* Begin PBXFrameworksBuildPhase section */
		38D9C7C52A9E894700F5657A /* Frameworks */ = {
			isa = PBXFrameworksBuildPhase;
			buildActionMask = 2147483647;
			files = (
			);
			runOnlyForDeploymentPostprocessing = 0;
		};
		38D9C7D52A9E894900F5657A /* Frameworks */ = {
			isa = PBXFrameworksBuildPhase;
			buildActionMask = 2147483647;
			files = (
			);
			runOnlyForDeploymentPostprocessing = 0;
		};
		38D9C7DF2A9E894900F5657A /* Frameworks */ = {
			isa = PBXFrameworksBuildPhase;
			buildActionMask = 2147483647;
			files = (
			);
			runOnlyForDeploymentPostprocessing = 0;
		};
/* End PBXFrameworksBuildPhase section */

/* Begin PBXGroup section */
		38D9C7BF2A9E894700F5657A = {
			isa = PBXGroup;
			children = (
				38D9C7CA2A9E894700F5657A /* MapatlanAcceso */,
				38D9C7DB2A9E894900F5657A /* MapatlanAccesoTests */,
				38D9C7E52A9E894900F5657A /* MapatlanAccesoUITests */,
				38D9C7C92A9E894700F5657A /* Products */,
			);
			sourceTree = "<group>";
		};
		38D9C7C92A9E894700F5657A /* Products */ = {
			isa = PBXGroup;
			children = (
				38D9C7C82A9E894700F5657A /* MapatlanAcceso.app */,
				38D9C7D82A9E894900F5657A /* MapatlanAccesoTests.xctest */,
				38D9C7E22A9E894900F5657A /* MapatlanAccesoUITests.xctest */,
			);
			name = Products;
			sourceTree = "<group>";
		};
		38D9C7CA2A9E894700F5657A /* MapatlanAcceso */ = {
			isa = PBXGroup;
			children = (
				38D9C7CB2A9E894700F5657A /* MapatlanAccesoApp.swift */,
				38D9C7CD2A9E894700F5657A /* ContentView.swift */,
				38D9C7F52A9E899D00F5657A /* AlumnosView.swift */,
				38D9C7F72A9E89B700F5657A /* VisitantesView.swift */,
				38D9C7F92A9E91A600F5657A /* MainMenuView.swift */,
				3869A2382A9E974A0057A4CE /* MapaView.swift */,
				3869A23A2A9E977A0057A4CE /* LugaresView.swift */,
				3869A23C2A9E978F0057A4CE /* PerfilView.swift */,
				3869A23E2A9E97A50057A4CE /* ConfiguracionView.swift */,
				38D9C7CF2A9E894900F5657A /* Assets.xcassets */,
				38D9C7D12A9E894900F5657A /* Preview Content */,
			);
			path = MapatlanAcceso;
			sourceTree = "<group>";
		};
		38D9C7D12A9E894900F5657A /* Preview Content */ = {
			isa = PBXGroup;
			children = (
				38D9C7D22A9E894900F5657A /* Preview Assets.xcassets */,
			);
			path = "Preview Content";
			sourceTree = "<group>";
		};
		38D9C7DB2A9E894900F5657A /* MapatlanAccesoTests */ = {
			isa = PBXGroup;
			children = (
				38D9C7DC2A9E894900F5657A /* MapatlanAccesoTests.swift */,
			);
			path = MapatlanAccesoTests;
			sourceTree = "<group>";
		};
		38D9C7E52A9E894900F5657A /* MapatlanAccesoUITests */ = {
			isa = PBXGroup;
			children = (
				38D9C7E62A9E894900F5657A /* MapatlanAccesoUITests.swift */,
				38D9C7E82A9E894900F5657A /* MapatlanAccesoUITestsLaunchTests.swift */,
			);
			path = MapatlanAccesoUITests;
			sourceTree = "<group>";
		};
/* End PBXGroup section */

/* Begin PBXNativeTarget section */
		38D9C7C72A9E894700F5657A /* MapatlanAcceso */ = {
			isa = PBXNativeTarget;
			buildConfigurationList = 38D9C7EC2A9E894900F5657A /* Build configuration list for PBXNativeTarget "MapatlanAcceso" */;
			buildPhases = (
				38D9C7C42A9E894700F5657A /* Sources */,
				38D9C7C52A9E894700F5657A /* Frameworks */,
				38D9C7C62A9E894700F5657A /* Resources */,
			);
			buildRules = (
			);
			dependencies = (
			);
			name = MapatlanAcceso;
			productName = MapatlanAcceso;
			productReference = 38D9C7C82A9E894700F5657A /* MapatlanAcceso.app */;
			productType = "com.apple.product-type.application";
		};
		38D9C7D72A9E894900F5657A /* MapatlanAccesoTests */ = {
			isa = PBXNativeTarget;
			buildConfigurationList = 38D9C7EF2A9E894900F5657A /* Build configuration list for PBXNativeTarget "MapatlanAccesoTests" */;
			buildPhases = (
				38D9C7D42A9E894900F5657A /* Sources */,
				38D9C7D52A9E894900F5657A /* Frameworks */,
				38D9C7D62A9E894900F5657A /* Resources */,
			);
			buildRules = (
			);
			dependencies = (
				38D9C7DA2A9E894900F5657A /* PBXTargetDependency */,
			);
			name = MapatlanAccesoTests;
			productName = MapatlanAccesoTests;
			productReference = 38D9C7D82A9E894900F5657A /* MapatlanAccesoTests.xctest */;
			productType = "com.apple.product-type.bundle.unit-test";
		};
		38D9C7E12A9E894900F5657A /* MapatlanAccesoUITests */ = {
			isa = PBXNativeTarget;
			buildConfigurationList = 38D9C7F22A9E894900F5657A /* Build configuration list for PBXNativeTarget "MapatlanAccesoUITests" */;
			buildPhases = (
				38D9C7DE2A9E894900F5657A /* Sources */,
				38D9C7DF2A9E894900F5657A /* Frameworks */,
				38D9C7E02A9E894900F5657A /* Resources */,
			);
			buildRules = (
			);
			dependencies = (
				38D9C7E42A9E894900F5657A /* PBXTargetDependency */,
			);
			name = MapatlanAccesoUITests;
			productName = MapatlanAccesoUITests;
			productReference = 38D9C7E22A9E894900F5657A /* MapatlanAccesoUITests.xctest */;
			productType = "com.apple.product-type.bundle.ui-testing";
		};
/* End PBXNativeTarget section */

/* Begin PBXProject section */
		38D9C7C02A9E894700F5657A /* Project object */ = {
			isa = PBXProject;
			attributes = {
				BuildIndependentTargetsInParallel = 1;
				LastSwiftUpdateCheck = 1430;
				LastUpgradeCheck = 1430;
				TargetAttributes = {
					38D9C7C72A9E894700F5657A = {
						CreatedOnToolsVersion = 14.3.1;
					};
					38D9C7D72A9E894900F5657A = {
						CreatedOnToolsVersion = 14.3.1;
						TestTargetID = 38D9C7C72A9E894700F5657A;
					};
					38D9C7E12A9E894900F5657A = {
						CreatedOnToolsVersion = 14.3.1;
						TestTargetID = 38D9C7C72A9E894700F5657A;
					};
				};
			};
			buildConfigurationList = 38D9C7C32A9E894700F5657A /* Build configuration list for PBXProject "MapatlanAcceso" */;
			compatibilityVersion = "Xcode 14.0";
			developmentRegion = en;
			hasScannedForEncodings = 0;
			knownRegions = (
				en,
				Base,
			);
			mainGroup = 38D9C7BF2A9E894700F5657A;
			productRefGroup = 38D9C7C92A9E894700F5657A /* Products */;
			projectDirPath = "";
			projectRoot = "";
			targets = (
				38D9C7C72A9E894700F5657A /* MapatlanAcceso */,
				38D9C7D72A9E894900F5657A /* MapatlanAccesoTests */,
				38D9C7E12A9E894900F5657A /* MapatlanAccesoUITests */,
			);
		};
/* End PBXProject section */

/* Begin PBXResourcesBuildPhase section */
		38D9C7C62A9E894700F5657A /* Resources */ = {
			isa = PBXResourcesBuildPhase;
			buildActionMask = 2147483647;
			files = (
				38D9C7D32A9E894900F5657A /* Preview Assets.xcassets in Resources */,
				38D9C7D02A9E894900F5657A /* Assets.xcassets in Resources */,
			);
			runOnlyForDeploymentPostprocessing = 0;
		};
		38D9C7D62A9E894900F5657A /* Resources */ = {
			isa = PBXResourcesBuildPhase;
			buildActionMask = 2147483647;
			files = (
			);
			runOnlyForDeploymentPostprocessing = 0;
		};
		38D9C7E02A9E894900F5657A /* Resources */ = {
			isa = PBXResourcesBuildPhase;
			buildActionMask = 2147483647;
			files = (
			);
			runOnlyForDeploymentPostprocessing = 0;
		};
/* End PBXResourcesBuildPhase section */

/* Begin PBXSourcesBuildPhase section */
		38D9C7C42A9E894700F5657A /* Sources */ = {
			isa = PBXSourcesBuildPhase;
			buildActionMask = 2147483647;
			files = (
				3869A23D2A9E978F0057A4CE /* PerfilView.swift in Sources */,
				38D9C7FA2A9E91A600F5657A /* MainMenuView.swift in Sources */,
				3869A2392A9E974A0057A4CE /* MapaView.swift in Sources */,
				3869A23B2A9E977A0057A4CE /* LugaresView.swift in Sources */,
				38D9C7F82A9E89B700F5657A /* VisitantesView.swift in Sources */,
				38D9C7CE2A9E894700F5657A /* ContentView.swift in Sources */,
				38D9C7CC2A9E894700F5657A /* MapatlanAccesoApp.swift in Sources */,
				3869A23F2A9E97A50057A4CE /* ConfiguracionView.swift in Sources */,
				38D9C7F62A9E899D00F5657A /* AlumnosView.swift in Sources */,
			);
			runOnlyForDeploymentPostprocessing = 0;
		};
		38D9C7D42A9E894900F5657A /* Sources */ = {
			isa = PBXSourcesBuildPhase;
			buildActionMask = 2147483647;
			files = (
				38D9C7DD2A9E894900F5657A /* MapatlanAccesoTests.swift in Sources */,
			);
			runOnlyForDeploymentPostprocessing = 0;
		};
		38D9C7DE2A9E894900F5657A /* Sources */ = {
			isa = PBXSourcesBuildPhase;
			buildActionMask = 2147483647;
			files = (
				38D9C7E92A9E894900F5657A /* MapatlanAccesoUITestsLaunchTests.swift in Sources */,
				38D9C7E72A9E894900F5657A /* MapatlanAccesoUITests.swift in Sources */,
			);
			runOnlyForDeploymentPostprocessing = 0;
		};
/* End PBXSourcesBuildPhase section */

/* Begin PBXTargetDependency section */
		38D9C7DA2A9E894900F5657A /* PBXTargetDependency */ = {
			isa = PBXTargetDependency;
			target = 38D9C7C72A9E894700F5657A /* MapatlanAcceso */;
			targetProxy = 38D9C7D92A9E894900F5657A /* PBXContainerItemProxy */;
		};
		38D9C7E42A9E894900F5657A /* PBXTargetDependency */ = {
			isa = PBXTargetDependency;
			target = 38D9C7C72A9E894700F5657A /* MapatlanAcceso */;
			targetProxy = 38D9C7E32A9E894900F5657A /* PBXContainerItemProxy */;
		};
/* End PBXTargetDependency section */

/* Begin XCBuildConfiguration section */
		38D9C7EA2A9E894900F5657A /* Debug */ = {
			isa = XCBuildConfiguration;
			buildSettings = {
				ALWAYS_SEARCH_USER_PATHS = NO;
				CLANG_ANALYZER_NONNULL = YES;
				CLANG_ANALYZER_NUMBER_OBJECT_CONVERSION = YES_AGGRESSIVE;
				CLANG_CXX_LANGUAGE_STANDARD = "gnu++20";
				CLANG_ENABLE_MODULES = YES;
				CLANG_ENABLE_OBJC_ARC = YES;
				CLANG_ENABLE_OBJC_WEAK = YES;
				CLANG_WARN_BLOCK_CAPTURE_AUTORELEASING = YES;
				CLANG_WARN_BOOL_CONVERSION = YES;
				CLANG_WARN_COMMA = YES;
				CLANG_WARN_CONSTANT_CONVERSION = YES;
				CLANG_WARN_DEPRECATED_OBJC_IMPLEMENTATIONS = YES;
				CLANG_WARN_DIRECT_OBJC_ISA_USAGE = YES_ERROR;
				CLANG_WARN_DOCUMENTATION_COMMENTS = YES;
				CLANG_WARN_EMPTY_BODY = YES;
				CLANG_WARN_ENUM_CONVERSION = YES;
				CLANG_WARN_INFINITE_RECURSION = YES;
				CLANG_WARN_INT_CONVERSION = YES;
				CLANG_WARN_NON_LITERAL_NULL_CONVERSION = YES;
				CLANG_WARN_OBJC_IMPLICIT_RETAIN_SELF = YES;
				CLANG_WARN_OBJC_LITERAL_CONVERSION = YES;
				CLANG_WARN_OBJC_ROOT_CLASS = YES_ERROR;
				CLANG_WARN_QUOTED_INCLUDE_IN_FRAMEWORK_HEADER = YES;
				CLANG_WARN_RANGE_LOOP_ANALYSIS = YES;
				CLANG_WARN_STRICT_PROTOTYPES = YES;
				CLANG_WARN_SUSPICIOUS_MOVE = YES;
				CLANG_WARN_UNGUARDED_AVAILABILITY = YES_AGGRESSIVE;
				CLANG_WARN_UNREACHABLE_CODE = YES;
				CLANG_WARN__DUPLICATE_METHOD_MATCH = YES;
				COPY_PHASE_STRIP = NO;
				DEBUG_INFORMATION_FORMAT = dwarf;
				ENABLE_STRICT_OBJC_MSGSEND = YES;
				ENABLE_TESTABILITY = YES;
				GCC_C_LANGUAGE_STANDARD = gnu11;
				GCC_DYNAMIC_NO_PIC = NO;
				GCC_NO_COMMON_BLOCKS = YES;
				GCC_OPTIMIZATION_LEVEL = 0;
				GCC_PREPROCESSOR_DEFINITIONS = (
					"DEBUG=1",
					"$(inherited)",
				);
				GCC_WARN_64_TO_32_BIT_CONVERSION = YES;
				GCC_WARN_ABOUT_RETURN_TYPE = YES_ERROR;
				GCC_WARN_UNDECLARED_SELECTOR = YES;
				GCC_WARN_UNINITIALIZED_AUTOS = YES_AGGRESSIVE;
				GCC_WARN_UNUSED_FUNCTION = YES;
				GCC_WARN_UNUSED_VARIABLE = YES;
				IPHONEOS_DEPLOYMENT_TARGET = 16.4;
				MTL_ENABLE_DEBUG_INFO = INCLUDE_SOURCE;
				MTL_FAST_MATH = YES;
				ONLY_ACTIVE_ARCH = YES;
				SDKROOT = iphoneos;
				SWIFT_ACTIVE_COMPILATION_CONDITIONS = DEBUG;
				SWIFT_OPTIMIZATION_LEVEL = "-Onone";
			};
			name = Debug;
		};
		38D9C7EB2A9E894900F5657A /* Release */ = {
			isa = XCBuildConfiguration;
			buildSettings = {
				ALWAYS_SEARCH_USER_PATHS = NO;
				CLANG_ANALYZER_NONNULL = YES;
				CLANG_ANALYZER_NUMBER_OBJECT_CONVERSION = YES_AGGRESSIVE;
				CLANG_CXX_LANGUAGE_STANDARD = "gnu++20";
				CLANG_ENABLE_MODULES = YES;
				CLANG_ENABLE_OBJC_ARC = YES;
				CLANG_ENABLE_OBJC_WEAK = YES;
				CLANG_WARN_BLOCK_CAPTURE_AUTORELEASING = YES;
				CLANG_WARN_BOOL_CONVERSION = YES;
				CLANG_WARN_COMMA = YES;
				CLANG_WARN_CONSTANT_CONVERSION = YES;
				CLANG_WARN_DEPRECATED_OBJC_IMPLEMENTATIONS = YES;
				CLANG_WARN_DIRECT_OBJC_ISA_USAGE = YES_ERROR;
				CLANG_WARN_DOCUMENTATION_COMMENTS = YES;
				CLANG_WARN_EMPTY_BODY = YES;
				CLANG_WARN_ENUM_CONVERSION = YES;
				CLANG_WARN_INFINITE_RECURSION = YES;
				CLANG_WARN_INT_CONVERSION = YES;
				CLANG_WARN_NON_LITERAL_NULL_CONVERSION = YES;
				CLANG_WARN_OBJC_IMPLICIT_RETAIN_SELF = YES;
				CLANG_WARN_OBJC_LITERAL_CONVERSION = YES;
				CLANG_WARN_OBJC_ROOT_CLASS = YES_ERROR;
				CLANG_WARN_QUOTED_INCLUDE_IN_FRAMEWORK_HEADER = YES;
				CLANG_WARN_RANGE_LOOP_ANALYSIS = YES;
				CLANG_WARN_STRICT_PROTOTYPES = YES;
				CLANG_WARN_SUSPICIOUS_MOVE = YES;
				CLANG_WARN_UNGUARDED_AVAILABILITY = YES_AGGRESSIVE;
				CLANG_WARN_UNREACHABLE_CODE = YES;
				CLANG_WARN__DUPLICATE_METHOD_MATCH = YES;
				COPY_PHASE_STRIP = NO;
				DEBUG_INFORMATION_FORMAT = "dwarf-with-dsym";
				ENABLE_NS_ASSERTIONS = NO;
				ENABLE_STRICT_OBJC_MSGSEND = YES;
				GCC_C_LANGUAGE_STANDARD = gnu11;
				GCC_NO_COMMON_BLOCKS = YES;
				GCC_WARN_64_TO_32_BIT_CONVERSION = YES;
				GCC_WARN_ABOUT_RETURN_TYPE = YES_ERROR;
				GCC_WARN_UNDECLARED_SELECTOR = YES;
				GCC_WARN_UNINITIALIZED_AUTOS = YES_AGGRESSIVE;
				GCC_WARN_UNUSED_FUNCTION = YES;
				GCC_WARN_UNUSED_VARIABLE = YES;
				IPHONEOS_DEPLOYMENT_TARGET = 16.4;
				MTL_ENABLE_DEBUG_INFO = NO;
				MTL_FAST_MATH = YES;
				SDKROOT = iphoneos;
				SWIFT_COMPILATION_MODE = wholemodule;
				SWIFT_OPTIMIZATION_LEVEL = "-O";
				VALIDATE_PRODUCT = YES;
			};
			name = Release;
		};
		38D9C7ED2A9E894900F5657A /* Debug */ = {
			isa = XCBuildConfiguration;
			buildSettings = {
				ASSETCATALOG_COMPILER_APPICON_NAME = AppIcon;
				ASSETCATALOG_COMPILER_GLOBAL_ACCENT_COLOR_NAME = AccentColor;
				CODE_SIGN_STYLE = Automatic;
				CURRENT_PROJECT_VERSION = 1;
				DEVELOPMENT_ASSET_PATHS = "\"MapatlanAcceso/Preview Content\"";
				ENABLE_PREVIEWS = YES;
				GENERATE_INFOPLIST_FILE = YES;
				INFOPLIST_KEY_UIApplicationSceneManifest_Generation = YES;
				INFOPLIST_KEY_UIApplicationSupportsIndirectInputEvents = YES;
				INFOPLIST_KEY_UILaunchScreen_Generation = YES;
				INFOPLIST_KEY_UISupportedInterfaceOrientations_iPad = "UIInterfaceOrientationPortrait UIInterfaceOrientationPortraitUpsideDown UIInterfaceOrientationLandscapeLeft UIInterfaceOrientationLandscapeRight";
				INFOPLIST_KEY_UISupportedInterfaceOrientations_iPhone = "UIInterfaceOrientationPortrait UIInterfaceOrientationLandscapeLeft UIInterfaceOrientationLandscapeRight";
				LD_RUNPATH_SEARCH_PATHS = (
					"$(inherited)",
					"@executable_path/Frameworks",
				);
				MARKETING_VERSION = 1.0;
				PRODUCT_BUNDLE_IDENTIFIER = pcpuma.acatlan.unam.mx.MapatlanAcceso;
				PRODUCT_NAME = "$(TARGET_NAME)";
				SWIFT_EMIT_LOC_STRINGS = YES;
				SWIFT_VERSION = 5.0;
				TARGETED_DEVICE_FAMILY = "1,2";
			};
			name = Debug;
		};
		38D9C7EE2A9E894900F5657A /* Release */ = {
			isa = XCBuildConfiguration;
			buildSettings = {
				ASSETCATALOG_COMPILER_APPICON_NAME = AppIcon;
				ASSETCATALOG_COMPILER_GLOBAL_ACCENT_COLOR_NAME = AccentColor;
				CODE_SIGN_STYLE = Automatic;
				CURRENT_PROJECT_VERSION = 1;
				DEVELOPMENT_ASSET_PATHS = "\"MapatlanAcceso/Preview Content\"";
				ENABLE_PREVIEWS = YES;
				GENERATE_INFOPLIST_FILE = YES;
				INFOPLIST_KEY_UIApplicationSceneManifest_Generation = YES;
				INFOPLIST_KEY_UIApplicationSupportsIndirectInputEvents = YES;
				INFOPLIST_KEY_UILaunchScreen_Generation = YES;
				INFOPLIST_KEY_UISupportedInterfaceOrientations_iPad = "UIInterfaceOrientationPortrait UIInterfaceOrientationPortraitUpsideDown UIInterfaceOrientationLandscapeLeft UIInterfaceOrientationLandscapeRight";
				INFOPLIST_KEY_UISupportedInterfaceOrientations_iPhone = "UIInterfaceOrientationPortrait UIInterfaceOrientationLandscapeLeft UIInterfaceOrientationLandscapeRight";
				LD_RUNPATH_SEARCH_PATHS = (
					"$(inherited)",
					"@executable_path/Frameworks",
				);
				MARKETING_VERSION = 1.0;
				PRODUCT_BUNDLE_IDENTIFIER = pcpuma.acatlan.unam.mx.MapatlanAcceso;
				PRODUCT_NAME = "$(TARGET_NAME)";
				SWIFT_EMIT_LOC_STRINGS = YES;
				SWIFT_VERSION = 5.0;
				TARGETED_DEVICE_FAMILY = "1,2";
			};
			name = Release;
		};
		38D9C7F02A9E894900F5657A /* Debug */ = {
			isa = XCBuildConfiguration;
			buildSettings = {
				ALWAYS_EMBED_SWIFT_STANDARD_LIBRARIES = YES;
				BUNDLE_LOADER = "$(TEST_HOST)";
				CODE_SIGN_STYLE = Automatic;
				CURRENT_PROJECT_VERSION = 1;
				GENERATE_INFOPLIST_FILE = YES;
				IPHONEOS_DEPLOYMENT_TARGET = 16.4;
				MARKETING_VERSION = 1.0;
				PRODUCT_BUNDLE_IDENTIFIER = pcpuma.acatlan.unam.mx.MapatlanAccesoTests;
				PRODUCT_NAME = "$(TARGET_NAME)";
				SWIFT_EMIT_LOC_STRINGS = NO;
				SWIFT_VERSION = 5.0;
				TARGETED_DEVICE_FAMILY = "1,2";
				TEST_HOST = "$(BUILT_PRODUCTS_DIR)/MapatlanAcceso.app/$(BUNDLE_EXECUTABLE_FOLDER_PATH)/MapatlanAcceso";
			};
			name = Debug;
		};
		38D9C7F12A9E894900F5657A /* Release */ = {
			isa = XCBuildConfiguration;
			buildSettings = {
				ALWAYS_EMBED_SWIFT_STANDARD_LIBRARIES = YES;
				BUNDLE_LOADER = "$(TEST_HOST)";
				CODE_SIGN_STYLE = Automatic;
				CURRENT_PROJECT_VERSION = 1;
				GENERATE_INFOPLIST_FILE = YES;
				IPHONEOS_DEPLOYMENT_TARGET = 16.4;
				MARKETING_VERSION = 1.0;
				PRODUCT_BUNDLE_IDENTIFIER = pcpuma.acatlan.unam.mx.MapatlanAccesoTests;
				PRODUCT_NAME = "$(TARGET_NAME)";
				SWIFT_EMIT_LOC_STRINGS = NO;
				SWIFT_VERSION = 5.0;
				TARGETED_DEVICE_FAMILY = "1,2";
				TEST_HOST = "$(BUILT_PRODUCTS_DIR)/MapatlanAcceso.app/$(BUNDLE_EXECUTABLE_FOLDER_PATH)/MapatlanAcceso";
			};
			name = Release;
		};
		38D9C7F32A9E894900F5657A /* Debug */ = {
			isa = XCBuildConfiguration;
			buildSettings = {
				ALWAYS_EMBED_SWIFT_STANDARD_LIBRARIES = YES;
				CODE_SIGN_STYLE = Automatic;
				CURRENT_PROJECT_VERSION = 1;
				GENERATE_INFOPLIST_FILE = YES;
				MARKETING_VERSION = 1.0;
				PRODUCT_BUNDLE_IDENTIFIER = pcpuma.acatlan.unam.mx.MapatlanAccesoUITests;
				PRODUCT_NAME = "$(TARGET_NAME)";
				SWIFT_EMIT_LOC_STRINGS = NO;
				SWIFT_VERSION = 5.0;
				TARGETED_DEVICE_FAMILY = "1,2";
				TEST_TARGET_NAME = MapatlanAcceso;
			};
			name = Debug;
		};
		38D9C7F42A9E894900F5657A /* Release */ = {
			isa = XCBuildConfiguration;
			buildSettings = {
				ALWAYS_EMBED_SWIFT_STANDARD_LIBRARIES = YES;
				CODE_SIGN_STYLE = Automatic;
				CURRENT_PROJECT_VERSION = 1;
				GENERATE_INFOPLIST_FILE = YES;
				MARKETING_VERSION = 1.0;
				PRODUCT_BUNDLE_IDENTIFIER = pcpuma.acatlan.unam.mx.MapatlanAccesoUITests;
				PRODUCT_NAME = "$(TARGET_NAME)";
				SWIFT_EMIT_LOC_STRINGS = NO;
				SWIFT_VERSION = 5.0;
				TARGETED_DEVICE_FAMILY = "1,2";
				TEST_TARGET_NAME = MapatlanAcceso;
			};
			name = Release;
		};
/* End XCBuildConfiguration section */

/* Begin XCConfigurationList section */
		38D9C7C32A9E894700F5657A /* Build configuration list for PBXProject "MapatlanAcceso" */ = {
			isa = XCConfigurationList;
			buildConfigurations = (
				38D9C7EA2A9E894900F5657A /* Debug */,
				38D9C7EB2A9E894900F5657A /* Release */,
			);
			defaultConfigurationIsVisible = 0;
			defaultConfigurationName = Release;
		};
		38D9C7EC2A9E894900F5657A /* Build configuration list for PBXNativeTarget "MapatlanAcceso" */ = {
			isa = XCConfigurationList;
			buildConfigurations = (
				38D9C7ED2A9E894900F5657A /* Debug */,
				38D9C7EE2A9E894900F5657A /* Release */,
			);
			defaultConfigurationIsVisible = 0;
			defaultConfigurationName = Release;
		};
		38D9C7EF2A9E894900F5657A /* Build configuration list for PBXNativeTarget "MapatlanAccesoTests" */ = {
			isa = XCConfigurationList;
			buildConfigurations = (
				38D9C7F02A9E894900F5657A /* Debug */,
				38D9C7F12A9E894900F5657A /* Release */,
			);
			defaultConfigurationIsVisible = 0;
			defaultConfigurationName = Release;
		};
		38D9C7F22A9E894900F5657A /* Build configuration list for PBXNativeTarget "MapatlanAccesoUITests" */ = {
			isa = XCConfigurationList;
			buildConfigurations = (
				38D9C7F32A9E894900F5657A /* Debug */,
				38D9C7F42A9E894900F5657A /* Release */,
			);
			defaultConfigurationIsVisible = 0;
			defaultConfigurationName = Release;
		};
/* End XCConfigurationList section */
	};
	rootObject = 38D9C7C02A9E894700F5657A /* Project object */;
}
